<?xml version="1.0" encoding="utf-8"?>
<Project ToolsVersion="4.0" xmlns="http://schemas.microsoft.com/developer/msbuild/2003">
  <ItemGroup>
    <Filter Include="Source Files">
      <UniqueIdentifier>{4FC737F1-C7A5-4376-A066-2A32D752A2FF}</UniqueIdentifier>
      <Extensions>cpp;c;cc;cxx;def;odl;idl;hpj;bat;asm;asmx</Extensions>
    </Filter>
    <Filter Include="Header Files">
      <UniqueIdentifier>{93995380-89BD-4b04-88EB-625FBE52EBFB}</UniqueIdentifier>
      <Extensions>h;hh;hpp;hxx;hm;inl;inc;xsd</Extensions>
    </Filter>
    <Filter Include="Resource Files">
      <UniqueIdentifier>{67DA6AB6-F800-4c08-8B7A-83BB121AAD01}</UniqueIdentifier>
      <Extensions>rc;ico;cur;bmp;dlg;rc2;rct;bin;rgs;gif;jpg;jpeg;jpe;resx;tiff;tif;png;wav;mfcribbon-ms</Extensions>
    </Filter>
    <Filter Include="Source Files\System">
      <UniqueIdentifier>{64a738ec-0652-49a0-908b-b5df0b4a81da}</UniqueIdentifier>
    </Filter>
    <Filter Include="Source Files\Objects">
      <UniqueIdentifier>{f4c064a5-7e1a-47a1-95d2-e3d64b521be8}</UniqueIdentifier>
    </Filter>
    <Filter Include="Source Files\Physics">
      <UniqueIdentifier>{d63627b0-175a-4dc0-afca-2060dc6efb27}</UniqueIdentifier>
    </Filter>
    <Filter Include="Source Files\Lights">
      <UniqueIdentifier>{5dd118b2-1b0a-45d2-a3a2-5b376310635b}</UniqueIdentifier>
    </Filter>
    <Filter Include="Resource Files\Forward">
      <UniqueIdentifier>{7a057ecc-a5f1-4289-9504-a4e7fe7e1faf}</UniqueIdentifier>
    </Filter>
    <Filter Include="Resource Files\Deferred Shading">
      <UniqueIdentifier>{5c7a5701-0c07-457a-8b98-3f8017f60172}</UniqueIdentifier>
    </Filter>
    <Filter Include="Source Files\Graphics">
      <UniqueIdentifier>{2b79fe4a-977b-4799-b6f4-73b35ef44b2f}</UniqueIdentifier>
    </Filter>
    <Filter Include="Source Files\Utility">
      <UniqueIdentifier>{9a728f5d-7de8-41dd-bd4e-a586d53fab68}</UniqueIdentifier>
    </Filter>
  </ItemGroup>
  <ItemGroup>
    <ClCompile Include="main.cpp">
      <Filter>Source Files</Filter>
    </ClCompile>
    <ClCompile Include="OpenglRenderer.cpp">
      <Filter>Source Files\System</Filter>
    </ClCompile>
    <ClCompile Include="GameEngine.cpp">
      <Filter>Source Files\System</Filter>
    </ClCompile>
    <ClCompile Include="Input.cpp">
      <Filter>Source Files\System</Filter>
    </ClCompile>
    <ClCompile Include="Wheel.cpp">
      <Filter>Source Files\Objects</Filter>
    </ClCompile>
    <ClCompile Include="Track.cpp">
      <Filter>Source Files\Objects</Filter>
    </ClCompile>
    <ClCompile Include="RigidBody.cpp">
      <Filter>Source Files\Objects</Filter>
    </ClCompile>
    <ClCompile Include="Plane.cpp">
      <Filter>Source Files\Objects</Filter>
    </ClCompile>
    <ClCompile Include="Car.cpp">
      <Filter>Source Files\Objects</Filter>
    </ClCompile>
    <ClCompile Include="Box.cpp">
      <Filter>Source Files\Objects</Filter>
    </ClCompile>
    <ClCompile Include="Contact.cpp">
      <Filter>Source Files\Physics</Filter>
    </ClCompile>
    <ClCompile Include="Physics.cpp">
      <Filter>Source Files\Physics</Filter>
    </ClCompile>
    <ClCompile Include="Constraint.cpp">
      <Filter>Source Files\Physics</Filter>
    </ClCompile>
    <ClCompile Include="DistanceConstraint.cpp">
      <Filter>Source Files\Physics</Filter>
    </ClCompile>
    <ClCompile Include="PhysicsEngine.cpp">
      <Filter>Source Files\System</Filter>
    </ClCompile>
    <ClCompile Include="PositionConstraint.cpp">
      <Filter>Source Files\Physics</Filter>
    </ClCompile>
    <ClCompile Include="RotationConstraint.cpp">
      <Filter>Source Files\Physics</Filter>
    </ClCompile>
    <ClCompile Include="DirectionalLight.cpp">
      <Filter>Source Files\Lights</Filter>
    </ClCompile>
    <ClCompile Include="PointLight.cpp">
      <Filter>Source Files\Lights</Filter>
    </ClCompile>
    <ClCompile Include="Quad.cpp">
      <Filter>Source Files\Lights</Filter>
    </ClCompile>
    <ClCompile Include="Sphere.cpp">
      <Filter>Source Files\Lights</Filter>
    </ClCompile>
    <ClCompile Include="Light.cpp">
      <Filter>Source Files\Lights</Filter>
    </ClCompile>
    <ClCompile Include="SpotLight.cpp">
      <Filter>Source Files\Lights</Filter>
    </ClCompile>
    <ClCompile Include="Cone.cpp">
      <Filter>Source Files\Lights</Filter>
    </ClCompile>
    <ClCompile Include="Mesh.cpp">
      <Filter>Source Files\Graphics</Filter>
    </ClCompile>
    <ClCompile Include="Texture.cpp">
      <Filter>Source Files\Graphics</Filter>
    </ClCompile>
    <ClCompile Include="SimpleMesh.cpp">
      <Filter>Source Files\Graphics</Filter>
    </ClCompile>
    <ClCompile Include="Sampler.cpp">
      <Filter>Source Files\Graphics</Filter>
    </ClCompile>
    <ClCompile Include="Material.cpp">
      <Filter>Source Files\Graphics</Filter>
    </ClCompile>
    <ClCompile Include="OpenglPrograms.cpp">
      <Filter>Source Files\Graphics</Filter>
    </ClCompile>
    <ClCompile Include="GBuffer.cpp">
      <Filter>Source Files\Graphics</Filter>
    </ClCompile>
    <ClCompile Include="Camera.cpp">
      <Filter>Source Files\Utility</Filter>
    </ClCompile>
    <ClCompile Include="Clock.cpp">
      <Filter>Source Files\Utility</Filter>
    </ClCompile>
    <ClCompile Include="Sun.cpp">
      <Filter>Source Files\Utility</Filter>
    </ClCompile>
    <ClCompile Include="Object.cpp">
      <Filter>Source Files\Objects</Filter>
    </ClCompile>
    <ClCompile Include="Xml.cpp">
      <Filter>Source Files\Utility</Filter>
    </ClCompile>
    <ClCompile Include="UniformBuffer.cpp">
      <Filter>Source Files\Graphics</Filter>
    </ClCompile>
    <ClCompile Include="pugixml.cpp">
      <Filter>Source Files\Utility</Filter>
    </ClCompile>
    <ClCompile Include="World.cpp">
      <Filter>Source Files\Utility</Filter>
    </ClCompile>
  </ItemGroup>
  <ItemGroup>
    <ClInclude Include="OpenglRenderer.h">
      <Filter>Source Files\System</Filter>
    </ClInclude>
    <ClInclude Include="GameEngine.h">
      <Filter>Source Files\System</Filter>
    </ClInclude>
    <ClInclude Include="Input.h">
      <Filter>Source Files\System</Filter>
    </ClInclude>
    <ClInclude Include="Wheel.h">
      <Filter>Source Files\Objects</Filter>
    </ClInclude>
    <ClInclude Include="Track.h">
      <Filter>Source Files\Objects</Filter>
    </ClInclude>
    <ClInclude Include="RigidBody.h">
      <Filter>Source Files\Objects</Filter>
    </ClInclude>
    <ClInclude Include="Plane.h">
      <Filter>Source Files\Objects</Filter>
    </ClInclude>
    <ClInclude Include="Car.h">
      <Filter>Source Files\Objects</Filter>
    </ClInclude>
    <ClInclude Include="Box.h">
      <Filter>Source Files\Objects</Filter>
    </ClInclude>
    <ClInclude Include="Contact.h">
      <Filter>Source Files\Physics</Filter>
    </ClInclude>
    <ClInclude Include="Physics.h">
      <Filter>Source Files\Physics</Filter>
    </ClInclude>
    <ClInclude Include="Constraint.h">
      <Filter>Source Files\Physics</Filter>
    </ClInclude>
    <ClInclude Include="DistanceConstraint.h">
      <Filter>Source Files\Physics</Filter>
    </ClInclude>
    <ClInclude Include="PhysicsEngine.h">
      <Filter>Source Files\System</Filter>
    </ClInclude>
    <ClInclude Include="PositionConstraint.h">
      <Filter>Source Files\Physics</Filter>
    </ClInclude>
    <ClInclude Include="ObjectIDs.h">
      <Filter>Source Files\Objects</Filter>
    </ClInclude>
    <ClInclude Include="RotationConstraint.h">
      <Filter>Source Files\Physics</Filter>
    </ClInclude>
    <ClInclude Include="DirectionalLight.h">
      <Filter>Source Files\Lights</Filter>
    </ClInclude>
    <ClInclude Include="PointLight.h">
      <Filter>Source Files\Lights</Filter>
    </ClInclude>
    <ClInclude Include="SpotLight.h">
      <Filter>Source Files\Lights</Filter>
    </ClInclude>
    <ClInclude Include="Light.h">
      <Filter>Source Files\Lights</Filter>
    </ClInclude>
    <ClInclude Include="Quad.h">
      <Filter>Source Files\Lights</Filter>
    </ClInclude>
    <ClInclude Include="Sphere.h">
      <Filter>Source Files\Lights</Filter>
    </ClInclude>
    <ClInclude Include="Cone.h">
      <Filter>Source Files\Lights</Filter>
    </ClInclude>
    <ClInclude Include="Texture.h">
      <Filter>Source Files\Graphics</Filter>
    </ClInclude>
    <ClInclude Include="Mesh.h">
      <Filter>Source Files\Graphics</Filter>
    </ClInclude>
    <ClInclude Include="SimpleMesh.h">
      <Filter>Source Files\Graphics</Filter>
    </ClInclude>
    <ClInclude Include="Sampler.h">
      <Filter>Source Files\Graphics</Filter>
    </ClInclude>
    <ClInclude Include="Material.h">
      <Filter>Source Files\Graphics</Filter>
    </ClInclude>
    <ClInclude Include="OpenglPrograms.h">
      <Filter>Source Files\Graphics</Filter>
    </ClInclude>
    <ClInclude Include="GBuffer.h">
      <Filter>Source Files\Graphics</Filter>
    </ClInclude>
    <ClInclude Include="Camera.h">
      <Filter>Source Files\Utility</Filter>
    </ClInclude>
    <ClInclude Include="Clock.h">
      <Filter>Source Files\Utility</Filter>
    </ClInclude>
    <ClInclude Include="Sun.h">
      <Filter>Source Files\Utility</Filter>
    </ClInclude>
    <ClInclude Include="Object.h">
      <Filter>Source Files\Objects</Filter>
    </ClInclude>
    <ClInclude Include="Xml.h">
      <Filter>Source Files\Utility</Filter>
    </ClInclude>
    <ClInclude Include="UniformBuffer.h">
      <Filter>Source Files\Graphics</Filter>
    </ClInclude>
    <ClInclude Include="pugixml.hpp">
      <Filter>Source Files\Utility</Filter>
    </ClInclude>
    <ClInclude Include="pugiconfig.hpp">
      <Filter>Source Files\Utility</Filter>
    </ClInclude>
    <ClInclude Include="World.h">
      <Filter>Source Files\Utility</Filter>
    </ClInclude>
  </ItemGroup>
  <ItemGroup>
    <Text Include="VertexShaderTextureBump.txt">
      <Filter>Resource Files\Forward</Filter>
    </Text>
    <Text Include="VertexShaderTexture.txt">
      <Filter>Resource Files\Forward</Filter>
    </Text>
    <Text Include="VertexShaderNormals.txt">
      <Filter>Resource Files\Forward</Filter>
    </Text>
    <Text Include="VertexShader2.txt">
      <Filter>Resource Files\Forward</Filter>
    </Text>
    <Text Include="VertexShader.txt">
      <Filter>Resource Files\Forward</Filter>
    </Text>
    <Text Include="FragmentShaderTextureBump.txt">
      <Filter>Resource Files\Forward</Filter>
    </Text>
    <Text Include="FragmentShaderTexture.txt">
      <Filter>Resource Files\Forward</Filter>
    </Text>
    <Text Include="FragmentShaderNormals.txt">
      <Filter>Resource Files\Forward</Filter>
    </Text>
    <Text Include="FragmentShader2.txt">
      <Filter>Resource Files\Forward</Filter>
    </Text>
    <Text Include="FragmentShader.txt">
      <Filter>Resource Files\Forward</Filter>
    </Text>
    <Text Include="dsLightingVertex.txt">
      <Filter>Resource Files\Deferred Shading</Filter>
    </Text>
    <Text Include="dsLightingFragmentSpot.txt">
      <Filter>Resource Files\Deferred Shading</Filter>
    </Text>
    <Text Include="dsLightingFragmentDir.txt">
      <Filter>Resource Files\Deferred Shading</Filter>
    </Text>
    <Text Include="dsLightingFragmentPoint.txt">
      <Filter>Resource Files\Deferred Shading</Filter>
    </Text>
    <Text Include="dsGeometryVertexTex.txt">
      <Filter>Resource Files\Deferred Shading</Filter>
    </Text>
    <Text Include="dsGeometryVertexTexBump.txt">
      <Filter>Resource Files\Deferred Shading</Filter>
    </Text>
    <Text Include="dsGeometryFragment.txt">
      <Filter>Resource Files\Deferred Shading</Filter>
    </Text>
    <Text Include="dsGeometryFragmentTex.txt">
      <Filter>Resource Files\Deferred Shading</Filter>
    </Text>
    <Text Include="dsGeometryVertex.txt">
      <Filter>Resource Files\Deferred Shading</Filter>
    </Text>
    <Text Include="ToDoList.txt">
      <Filter>Resource Files</Filter>
    </Text>
    <Text Include="xmlWorldFormat.txt">
      <Filter>Resource Files</Filter>
    </Text>
    <Text Include="xmlMaterialFormat.txt">
      <Filter>Resource Files</Filter>
    </Text>
    <Text Include="xmlLightFormat.txt">
      <Filter>Resource Files</Filter>
    </Text>
    <Text Include="xmlMeshFormat.txt">
      <Filter>Resource Files</Filter>
    </Text>
  </ItemGroup>
  <ItemGroup>
    <Xml Include="WorldData.xml">
      <Filter>Resource Files</Filter>
    </Xml>
    <Xml Include="material.xml">
      <Filter>Resource Files</Filter>
    </Xml>
    <Xml Include="lightProperties.xml">
      <Filter>Resource Files</Filter>
    </Xml>
    <Xml Include="Mesh.xml">
      <Filter>Resource Files</Filter>
    </Xml>
    <Xml Include="properties.xml">
      <Filter>Resource Files</Filter>
    </Xml>
  </ItemGroup>
</Project>